
Microsoft Visual Studio Solution File, Format Version 12.00
# Visual Studio Version 16
VisualStudioVersion = 16.0.30523.141
MinimumVisualStudioVersion = 10.0.40219.1
Project("{FAE04EC0-301F-11D3-BF4B-00C04F79EFBC}") = "Card-identifier", "Card-identifier\Card-identifier.csproj", "{5D9F17B9-FC56-44D2-BB1F-8A749F3DF100}"
EndProject
Global
	GlobalSection(SolutionConfigurationPlatforms) = preSolution
		Debug|Any CPU = Debug|Any CPU
		Release|Any CPU = Release|Any CPU
	EndGlobalSection
	GlobalSection(ProjectConfigurationPlatforms) = postSolution
		{5D9F17B9-FC56-44D2-BB1F-8A749F3DF100}.Debug|Any CPU.ActiveCfg = Debug|Any CPU
		{5D9F17B9-FC56-44D2-BB1F-8A749F3DF100}.Debug|Any CPU.Build.0 = Debug|Any CPU
		{5D9F17B9-FC56-44D2-BB1F-8A749F3DF100}.Release|Any CPU.ActiveCfg = Release|Any CPU
		{5D9F17B9-FC56-44D2-BB1F-8A749F3DF100}.Release|Any CPU.Build.0 = Release|Any CPU
	EndGlobalSection
	GlobalSection(SolutionProperties) = preSolution
		HideSolutionNode = FALSE
	EndGlobalSection
	GlobalSection(ExtensibilityGlobals) = postSolution
		SolutionGuid = {83522959-9870-4420-9BCB-AA0A4A2729F9}
	EndGlobalSection
EndGlobal
