
Microsoft Visual Studio Solution File, Format Version 12.00
# Visual Studio Version 16
VisualStudioVersion = 16.0.30523.141
MinimumVisualStudioVersion = 10.0.40219.1
Project("{FAE04EC0-301F-11D3-BF4B-00C04F79EFBC}") = "Color_Mixer", "Color_Mixer\Color_Mixer.csproj", "{FBC68805-B856-49A2-B84D-AA25E270AD72}"
EndProject
Global
	GlobalSection(SolutionConfigurationPlatforms) = preSolution
		Debug|Any CPU = Debug|Any CPU
		Release|Any CPU = Release|Any CPU
	EndGlobalSection
	GlobalSection(ProjectConfigurationPlatforms) = postSolution
		{FBC68805-B856-49A2-B84D-AA25E270AD72}.Debug|Any CPU.ActiveCfg = Debug|Any CPU
		{FBC68805-B856-49A2-B84D-AA25E270AD72}.Debug|Any CPU.Build.0 = Debug|Any CPU
		{FBC68805-B856-49A2-B84D-AA25E270AD72}.Release|Any CPU.ActiveCfg = Release|Any CPU
		{FBC68805-B856-49A2-B84D-AA25E270AD72}.Release|Any CPU.Build.0 = Release|Any CPU
	EndGlobalSection
	GlobalSection(SolutionProperties) = preSolution
		HideSolutionNode = FALSE
	EndGlobalSection
	GlobalSection(ExtensibilityGlobals) = postSolution
		SolutionGuid = {6D32466D-A4BD-4947-B3D4-901E1C0913BE}
	EndGlobalSection
EndGlobal
